
Microsoft Visual Studio Solution File, Format Version 12.00
# Visual Studio Version 17
VisualStudioVersion = 17.14.36705.20
MinimumVisualStudioVersion = 10.0.40219.1
Project("{FAE04EC0-301F-11D3-BF4B-00C04F79EFBC}") = "ClipManager", "ClipManager\ClipManager.csproj", "{46B20221-3F29-85AA-1393-6329EED603F6}"
EndProject
Project("{8BC9CEB8-8B4A-11D0-8D11-00A0C91BC942}") = "DbClip", "DbClip\DbClip.vcxproj", "{C0F8BFC2-9E48-4BEA-902E-A25E54966C8A}"
EndProject
Project("{FAE04EC0-301F-11D3-BF4B-00C04F79EFBC}") = "DbClipExporter", "DbClipExporter\DbClipExporter.csproj", "{0F12697A-999E-4A14-8F82-3819B3D3AB8E}"
EndProject
Project("{2150E333-8FDC-42A3-9474-1A3956D46DE8}") = "ClipManager.Tests", "ClipManager.Tests", "{02EA681E-C7D8-13C7-8484-4AC65E1B71E8}"
EndProject
Project("{2150E333-8FDC-42A3-9474-1A3956D46DE8}") = "ClipManager", "ClipManager", "{D2A6AA85-87C8-42FB-B3DE-3D2380676EB1}"
EndProject
Project("{8BC9CEB8-8B4A-11D0-8D11-00A0C91BC942}") = "DbClipTests", "Tests\DbClipTests\DbClipTests.vcxproj", "{FB5877F1-C2BA-46A6-83A0-2BF6C8622149}"
EndProject
Project("{FAE04EC0-301F-11D3-BF4B-00C04F79EFBC}") = "ClipManagerTests", "Tests\ClipManagerTests\ClipManagerTests.csproj", "{B38BC67F-E8C1-4CEC-BDBF-F79D71ACAD68}"
EndProject
Project("{2150E333-8FDC-42A3-9474-1A3956D46DE8}") = "Solution Items", "Solution Items", "{8EC462FD-D22E-90A8-E5CE-7E832BA40C5D}"
	ProjectSection(SolutionItems) = preProject
		.gitignore = .gitignore
		LICENSE = LICENSE
		README.md = README.md
	EndProjectSection
EndProject
Global
	GlobalSection(SolutionConfigurationPlatforms) = preSolution
		Debug|Any CPU = Debug|Any CPU
		Debug|x64 = Debug|x64
		Debug|x86 = Debug|x86
		Release|Any CPU = Release|Any CPU
		Release|x64 = Release|x64
		Release|x86 = Release|x86
	EndGlobalSection
	GlobalSection(ProjectConfigurationPlatforms) = postSolution
		{46B20221-3F29-85AA-1393-6329EED603F6}.Debug|Any CPU.ActiveCfg = Debug|Any CPU
		{46B20221-3F29-85AA-1393-6329EED603F6}.Debug|Any CPU.Build.0 = Debug|Any CPU
		{46B20221-3F29-85AA-1393-6329EED603F6}.Debug|x64.ActiveCfg = Debug|Any CPU
		{46B20221-3F29-85AA-1393-6329EED603F6}.Debug|x64.Build.0 = Debug|Any CPU
		{46B20221-3F29-85AA-1393-6329EED603F6}.Debug|x86.ActiveCfg = Debug|Any CPU
		{46B20221-3F29-85AA-1393-6329EED603F6}.Debug|x86.Build.0 = Debug|Any CPU
		{46B20221-3F29-85AA-1393-6329EED603F6}.Release|Any CPU.ActiveCfg = Release|Any CPU
		{46B20221-3F29-85AA-1393-6329EED603F6}.Release|Any CPU.Build.0 = Release|Any CPU
		{46B20221-3F29-85AA-1393-6329EED603F6}.Release|x64.ActiveCfg = Release|Any CPU
		{46B20221-3F29-85AA-1393-6329EED603F6}.Release|x64.Build.0 = Release|Any CPU
		{46B20221-3F29-85AA-1393-6329EED603F6}.Release|x86.ActiveCfg = Release|Any CPU
		{46B20221-3F29-85AA-1393-6329EED603F6}.Release|x86.Build.0 = Release|Any CPU
		{C0F8BFC2-9E48-4BEA-902E-A25E54966C8A}.Debug|Any CPU.ActiveCfg = Debug|x64
		{C0F8BFC2-9E48-4BEA-902E-A25E54966C8A}.Debug|Any CPU.Build.0 = Debug|x64
		{C0F8BFC2-9E48-4BEA-902E-A25E54966C8A}.Debug|x64.ActiveCfg = Debug|x64
		{C0F8BFC2-9E48-4BEA-902E-A25E54966C8A}.Debug|x64.Build.0 = Debug|x64
		{C0F8BFC2-9E48-4BEA-902E-A25E54966C8A}.Debug|x86.ActiveCfg = Debug|Win32
		{C0F8BFC2-9E48-4BEA-902E-A25E54966C8A}.Debug|x86.Build.0 = Debug|Win32
		{C0F8BFC2-9E48-4BEA-902E-A25E54966C8A}.Release|Any CPU.ActiveCfg = Release|x64
		{C0F8BFC2-9E48-4BEA-902E-A25E54966C8A}.Release|Any CPU.Build.0 = Release|x64
		{C0F8BFC2-9E48-4BEA-902E-A25E54966C8A}.Release|x64.ActiveCfg = Release|x64
		{C0F8BFC2-9E48-4BEA-902E-A25E54966C8A}.Release|x64.Build.0 = Release|x64
		{C0F8BFC2-9E48-4BEA-902E-A25E54966C8A}.Release|x86.ActiveCfg = Release|Win32
		{C0F8BFC2-9E48-4BEA-902E-A25E54966C8A}.Release|x86.Build.0 = Release|Win32
		{0F12697A-999E-4A14-8F82-3819B3D3AB8E}.Debug|Any CPU.ActiveCfg = Debug|Any CPU
		{0F12697A-999E-4A14-8F82-3819B3D3AB8E}.Debug|Any CPU.Build.0 = Debug|Any CPU
		{0F12697A-999E-4A14-8F82-3819B3D3AB8E}.Debug|x64.ActiveCfg = Debug|Any CPU
		{0F12697A-999E-4A14-8F82-3819B3D3AB8E}.Debug|x64.Build.0 = Debug|Any CPU
		{0F12697A-999E-4A14-8F82-3819B3D3AB8E}.Debug|x86.ActiveCfg = Debug|Any CPU
		{0F12697A-999E-4A14-8F82-3819B3D3AB8E}.Debug|x86.Build.0 = Debug|Any CPU
		{0F12697A-999E-4A14-8F82-3819B3D3AB8E}.Release|Any CPU.ActiveCfg = Release|Any CPU
		{0F12697A-999E-4A14-8F82-3819B3D3AB8E}.Release|Any CPU.Build.0 = Release|Any CPU
		{0F12697A-999E-4A14-8F82-3819B3D3AB8E}.Release|x64.ActiveCfg = Release|Any CPU
		{0F12697A-999E-4A14-8F82-3819B3D3AB8E}.Release|x64.Build.0 = Release|Any CPU
		{0F12697A-999E-4A14-8F82-3819B3D3AB8E}.Release|x86.ActiveCfg = Release|Any CPU
		{0F12697A-999E-4A14-8F82-3819B3D3AB8E}.Release|x86.Build.0 = Release|Any CPU
		{FB5877F1-C2BA-46A6-83A0-2BF6C8622149}.Debug|Any CPU.ActiveCfg = Debug|x64
		{FB5877F1-C2BA-46A6-83A0-2BF6C8622149}.Debug|Any CPU.Build.0 = Debug|x64
		{FB5877F1-C2BA-46A6-83A0-2BF6C8622149}.Debug|x64.ActiveCfg = Debug|x64
		{FB5877F1-C2BA-46A6-83A0-2BF6C8622149}.Debug|x64.Build.0 = Debug|x64
		{FB5877F1-C2BA-46A6-83A0-2BF6C8622149}.Debug|x86.ActiveCfg = Debug|Win32
		{FB5877F1-C2BA-46A6-83A0-2BF6C8622149}.Debug|x86.Build.0 = Debug|Win32
		{FB5877F1-C2BA-46A6-83A0-2BF6C8622149}.Release|Any CPU.ActiveCfg = Release|x64
		{FB5877F1-C2BA-46A6-83A0-2BF6C8622149}.Release|Any CPU.Build.0 = Release|x64
		{FB5877F1-C2BA-46A6-83A0-2BF6C8622149}.Release|x64.ActiveCfg = Release|x64
		{FB5877F1-C2BA-46A6-83A0-2BF6C8622149}.Release|x64.Build.0 = Release|x64
		{FB5877F1-C2BA-46A6-83A0-2BF6C8622149}.Release|x86.ActiveCfg = Release|Win32
		{FB5877F1-C2BA-46A6-83A0-2BF6C8622149}.Release|x86.Build.0 = Release|Win32
		{B38BC67F-E8C1-4CEC-BDBF-F79D71ACAD68}.Debug|Any CPU.ActiveCfg = Debug|Any CPU
		{B38BC67F-E8C1-4CEC-BDBF-F79D71ACAD68}.Debug|Any CPU.Build.0 = Debug|Any CPU
		{B38BC67F-E8C1-4CEC-BDBF-F79D71ACAD68}.Debug|x64.ActiveCfg = Debug|Any CPU
		{B38BC67F-E8C1-4CEC-BDBF-F79D71ACAD68}.Debug|x64.Build.0 = Debug|Any CPU
		{B38BC67F-E8C1-4CEC-BDBF-F79D71ACAD68}.Debug|x86.ActiveCfg = Debug|Any CPU
		{B38BC67F-E8C1-4CEC-BDBF-F79D71ACAD68}.Debug|x86.Build.0 = Debug|Any CPU
		{B38BC67F-E8C1-4CEC-BDBF-F79D71ACAD68}.Release|Any CPU.ActiveCfg = Release|Any CPU
		{B38BC67F-E8C1-4CEC-BDBF-F79D71ACAD68}.Release|Any CPU.Build.0 = Release|Any CPU
		{B38BC67F-E8C1-4CEC-BDBF-F79D71ACAD68}.Release|x64.ActiveCfg = Release|Any CPU
		{B38BC67F-E8C1-4CEC-BDBF-F79D71ACAD68}.Release|x64.Build.0 = Release|Any CPU
		{B38BC67F-E8C1-4CEC-BDBF-F79D71ACAD68}.Release|x86.ActiveCfg = Release|Any CPU
		{B38BC67F-E8C1-4CEC-BDBF-F79D71ACAD68}.Release|x86.Build.0 = Release|Any CPU
	EndGlobalSection
	GlobalSection(SolutionProperties) = preSolution
		HideSolutionNode = FALSE
	EndGlobalSection
	GlobalSection(NestedProjects) = preSolution
		{46B20221-3F29-85AA-1393-6329EED603F6} = {D2A6AA85-87C8-42FB-B3DE-3D2380676EB1}
		{C0F8BFC2-9E48-4BEA-902E-A25E54966C8A} = {D2A6AA85-87C8-42FB-B3DE-3D2380676EB1}
		{0F12697A-999E-4A14-8F82-3819B3D3AB8E} = {D2A6AA85-87C8-42FB-B3DE-3D2380676EB1}
		{FB5877F1-C2BA-46A6-83A0-2BF6C8622149} = {02EA681E-C7D8-13C7-8484-4AC65E1B71E8}
		{B38BC67F-E8C1-4CEC-BDBF-F79D71ACAD68} = {02EA681E-C7D8-13C7-8484-4AC65E1B71E8}
	EndGlobalSection
	GlobalSection(ExtensibilityGlobals) = postSolution
		SolutionGuid = {68409441-943A-492F-9347-8AE58464E2DF}
	EndGlobalSection
EndGlobal
